
Microsoft Visual Studio Solution File, Format Version 12.00
# Visual Studio Version 17
VisualStudioVersion = 17.5.002.0
MinimumVisualStudioVersion = 10.0.40219.1
Project("{2150E333-8FDC-42A3-9474-1A3956D46DE8}") = "01-getting-started", "01-getting-started", "{A230FAE2-5AD0-42EC-B1D9-81CF4743042C}"
EndProject
Project("{2150E333-8FDC-42A3-9474-1A3956D46DE8}") = "C-Sharp", "C-Sharp", "{7BF188B1-95CE-4E0A-8C16-46FE19521C1D}"
EndProject
Project("{9A19103F-16F7-4668-BE54-9A1E7A4F7556}") = "rest_client", "01-getting-started\C-Sharp\rest-client\rest_client.csproj", "{1A0D375E-9F63-49F7-98EC-D2C156ACD430}"
EndProject
Project("{9A19103F-16F7-4668-BE54-9A1E7A4F7556}") = "sdk-client", "01-getting-started\C-Sharp\sdk-client\sdk-client.csproj", "{9D23261B-3B4C-4FDD-935C-B42FCCC6812E}"
EndProject
Project("{2150E333-8FDC-42A3-9474-1A3956D46DE8}") = "02-cognitive-security", "02-cognitive-security", "{F1C9253F-760A-4C61-AE65-C737C936BD31}"
EndProject
Project("{2150E333-8FDC-42A3-9474-1A3956D46DE8}") = "C-Sharp", "C-Sharp", "{007836C9-D68A-4AAC-8456-D313E64C2CA0}"
EndProject
Project("{9A19103F-16F7-4668-BE54-9A1E7A4F7556}") = "keyvault_client", "02-cognitive-security\C-Sharp\keyvault_client\keyvault_client.csproj", "{CFC3C88A-AAAC-46FA-BFC9-F8E657E468AC}"
EndProject
Project("{2150E333-8FDC-42A3-9474-1A3956D46DE8}") = "05-analyze-text", "05-analyze-text", "{F933B4F5-0CDB-487D-A271-68C6A6C8C7BA}"
EndProject
Project("{2150E333-8FDC-42A3-9474-1A3956D46DE8}") = "C-Sharp", "C-Sharp", "{0CB76A69-4B50-48A5-9660-7E219B85A853}"
EndProject
Project("{9A19103F-16F7-4668-BE54-9A1E7A4F7556}") = "text-analysis", "05-analyze-text\C-Sharp\text-analysis\text-analysis.csproj", "{AB29844E-7D7B-4151-B2AB-3D70E5330AFC}"
EndProject
Project("{2150E333-8FDC-42A3-9474-1A3956D46DE8}") = "06-translate-text", "06-translate-text", "{2AF7B35E-50F0-40A5-8464-D04B062AACE0}"
EndProject
Project("{2150E333-8FDC-42A3-9474-1A3956D46DE8}") = "C-Sharp", "C-Sharp", "{52EDD4D3-2DE0-4260-BF24-BEC96EBFE552}"
EndProject
Project("{9A19103F-16F7-4668-BE54-9A1E7A4F7556}") = "translate_text", "06-translate-text\C-Sharp\text-translation\translate_text.csproj", "{85CBED06-C10B-4168-AF2B-12313F571430}"
EndProject
Project("{2150E333-8FDC-42A3-9474-1A3956D46DE8}") = "07-speech", "07-speech", "{AA624CE7-5533-4640-A990-E7926504A13B}"
EndProject
Project("{2150E333-8FDC-42A3-9474-1A3956D46DE8}") = "C-Sharp", "C-Sharp", "{53572509-5C95-4F0D-A14D-9F9FBEDFAD49}"
EndProject
Project("{9A19103F-16F7-4668-BE54-9A1E7A4F7556}") = "speaking-clock", "07-speech\C-Sharp\speaking-clock\speaking-clock.csproj", "{EA71F353-4D6F-44BB-971E-23E73A65C053}"
EndProject
Project("{2150E333-8FDC-42A3-9474-1A3956D46DE8}") = "08-speech-translation", "08-speech-translation", "{D17F277C-ACCD-43BE-B8B4-B444FE72E0D6}"
EndProject
Project("{2150E333-8FDC-42A3-9474-1A3956D46DE8}") = "C-Sharp", "C-Sharp", "{752BEE49-0124-435C-AFD4-F7474150B23A}"
EndProject
Project("{9A19103F-16F7-4668-BE54-9A1E7A4F7556}") = "translator", "08-speech-translation\C-Sharp\translator\translator.csproj", "{A078AAD0-B9E4-498F-8876-C644A0BA258B}"
EndProject
Project("{2150E333-8FDC-42A3-9474-1A3956D46DE8}") = "10b-clu-client-(preview)", "10b-clu-client-(preview)", "{33CEDAF8-860F-4D89-ACC2-6855E816CCE8}"
EndProject
Project("{2150E333-8FDC-42A3-9474-1A3956D46DE8}") = "C-Sharp", "C-Sharp", "{1BDD25C1-7128-4352-86E2-F34A1A43532F}"
EndProject
Project("{9A19103F-16F7-4668-BE54-9A1E7A4F7556}") = "clock_client", "10b-clu-client-(preview)\C-Sharp\clock-client\clock_client.csproj", "{9EE2A60E-FA10-4438-9877-EC781F1D180B}"
EndProject
Project("{2150E333-8FDC-42A3-9474-1A3956D46DE8}") = "11-luis-speech", "11-luis-speech", "{5A1B4CC3-748B-46C9-926F-FB282C8632AF}"
EndProject
Project("{2150E333-8FDC-42A3-9474-1A3956D46DE8}") = "C-Sharp", "C-Sharp", "{D96ED6CC-AC50-442F-A572-FE7F5777E8CD}"
EndProject
Project("{9A19103F-16F7-4668-BE54-9A1E7A4F7556}") = "speaking_clock_client", "11-luis-speech\C-Sharp\speaking-clock-client\speaking_clock_client.csproj", "{9C3686A0-3B8C-42E1-87D0-7B436C80EBF2}"
EndProject
Project("{2150E333-8FDC-42A3-9474-1A3956D46DE8}") = "15-computer-vision", "15-computer-vision", "{26F570B6-65F4-41D4-BCD6-96512AC12011}"
EndProject
Project("{2150E333-8FDC-42A3-9474-1A3956D46DE8}") = "C-Sharp", "C-Sharp", "{7D2D2E37-D55D-4470-81FC-AFA5ABDCA495}"
EndProject
Project("{9A19103F-16F7-4668-BE54-9A1E7A4F7556}") = "image-analysis", "15-computer-vision\C-Sharp\image-analysis\image-analysis.csproj", "{6FB572D7-E529-44F0-B476-05DCE7B0DACC}"
EndProject
Project("{2150E333-8FDC-42A3-9474-1A3956D46DE8}") = "17-image-classification", "17-image-classification", "{EA3819C5-7581-4DD2-88D5-127699F900EA}"
EndProject
Project("{2150E333-8FDC-42A3-9474-1A3956D46DE8}") = "C-Sharp", "C-Sharp", "{D9CBEA38-E332-46E0-BB9B-915F117551E6}"
EndProject
Project("{9A19103F-16F7-4668-BE54-9A1E7A4F7556}") = "test-classifier", "17-image-classification\C-Sharp\test-classifier\test-classifier.csproj", "{24C733D9-6CC9-496A-BFD0-23E4A81C827A}"
EndProject
Project("{9A19103F-16F7-4668-BE54-9A1E7A4F7556}") = "train-classifier", "17-image-classification\C-Sharp\train-classifier\train-classifier.csproj", "{49D0ADC9-807E-4477-9B09-A460B02C445D}"
EndProject
Project("{2150E333-8FDC-42A3-9474-1A3956D46DE8}") = "18-object-detection", "18-object-detection", "{93A8D1E6-5975-445A-9B3E-332C6808EBE2}"
EndProject
Project("{2150E333-8FDC-42A3-9474-1A3956D46DE8}") = "C-Sharp", "C-Sharp", "{7B6C83A5-1FD2-4EAC-B091-C7E787761E82}"
EndProject
Project("{9A19103F-16F7-4668-BE54-9A1E7A4F7556}") = "test-detector", "18-object-detection\C-Sharp\test-detector\test-detector.csproj", "{DA63F469-677A-4D38-A5F3-61C0ED4F7B67}"
EndProject
Project("{9A19103F-16F7-4668-BE54-9A1E7A4F7556}") = "train-detector", "18-object-detection\C-Sharp\train-detector\train-detector.csproj", "{937CD748-4E85-47B7-B4F6-63682B55E915}"
EndProject
Project("{2150E333-8FDC-42A3-9474-1A3956D46DE8}") = "19-face", "19-face", "{7D715FD0-A849-45CD-B76E-4BD828420200}"
EndProject
Project("{2150E333-8FDC-42A3-9474-1A3956D46DE8}") = "C-Sharp", "C-Sharp", "{3955C6E2-AC9F-499B-97B8-DD744E2C009D}"
EndProject
Project("{9A19103F-16F7-4668-BE54-9A1E7A4F7556}") = "detect-faces", "19-face\C-Sharp\computer-vision\detect-faces.csproj", "{DABA1432-F06C-4FEF-BCF6-13A9B4C17898}"
EndProject
Project("{9A19103F-16F7-4668-BE54-9A1E7A4F7556}") = "analyze-faces", "19-face\C-Sharp\face-api\analyze-faces.csproj", "{5BE54D72-CF87-4583-9CD0-3DFEDA2A50A5}"
EndProject
Project("{2150E333-8FDC-42A3-9474-1A3956D46DE8}") = "20-ocr", "20-ocr", "{17D7636B-84C7-4C7C-850B-E313771F546D}"
EndProject
Project("{2150E333-8FDC-42A3-9474-1A3956D46DE8}") = "C-Sharp", "C-Sharp", "{F2741B04-3E23-4A37-9D1C-5A3F3956FE88}"
EndProject
Project("{9A19103F-16F7-4668-BE54-9A1E7A4F7556}") = "read-text", "20-ocr\C-Sharp\read-text\read-text.csproj", "{4BDE0836-AB43-4F82-AFD4-BA071DB8E6EF}"
EndProject
Project("{2150E333-8FDC-42A3-9474-1A3956D46DE8}") = "21-custom-form", "21-custom-form", "{AAF2BFDB-56C9-4B59-B471-D4C6718B252B}"
EndProject
Project("{2150E333-8FDC-42A3-9474-1A3956D46DE8}") = "C-Sharp", "C-Sharp", "{6094F4B3-488A-4706-9E4A-7AADAF801711}"
EndProject
Project("{9A19103F-16F7-4668-BE54-9A1E7A4F7556}") = "test-model", "21-custom-form\C-Sharp\test-model\test-model.csproj", "{D48AC166-B9AF-48B4-974A-0523B88EE13A}"
EndProject
Project("{9A19103F-16F7-4668-BE54-9A1E7A4F7556}") = "train-model", "21-custom-form\C-Sharp\train-model\train-model.csproj", "{15B247C8-D535-4F92-8FE7-389D2808B9EC}"
EndProject
Project("{2150E333-8FDC-42A3-9474-1A3956D46DE8}") = "22-Create-a-search-solution", "22-Create-a-search-solution", "{5FCC9433-3765-4416-9F64-424C90D4C3E9}"
EndProject
Project("{2150E333-8FDC-42A3-9474-1A3956D46DE8}") = "C-Sharp", "C-Sharp", "{283EC666-1347-452F-95DD-2FA0A45CBE2B}"
EndProject
Project("{9A19103F-16F7-4668-BE54-9A1E7A4F7556}") = "search-client", "22-Create-a-search-solution\C-Sharp\margies-travel\search-client.csproj", "{6FC70A05-C329-47C8-83D2-E3CCAFD3CBB6}"
EndProject
Global
	GlobalSection(SolutionConfigurationPlatforms) = preSolution
		Debug|Any CPU = Debug|Any CPU
		Release|Any CPU = Release|Any CPU
	EndGlobalSection
	GlobalSection(ProjectConfigurationPlatforms) = postSolution
		{1A0D375E-9F63-49F7-98EC-D2C156ACD430}.Debug|Any CPU.ActiveCfg = Debug|Any CPU
		{1A0D375E-9F63-49F7-98EC-D2C156ACD430}.Debug|Any CPU.Build.0 = Debug|Any CPU
		{1A0D375E-9F63-49F7-98EC-D2C156ACD430}.Release|Any CPU.ActiveCfg = Release|Any CPU
		{1A0D375E-9F63-49F7-98EC-D2C156ACD430}.Release|Any CPU.Build.0 = Release|Any CPU
		{9D23261B-3B4C-4FDD-935C-B42FCCC6812E}.Debug|Any CPU.ActiveCfg = Debug|Any CPU
		{9D23261B-3B4C-4FDD-935C-B42FCCC6812E}.Debug|Any CPU.Build.0 = Debug|Any CPU
		{9D23261B-3B4C-4FDD-935C-B42FCCC6812E}.Release|Any CPU.ActiveCfg = Release|Any CPU
		{9D23261B-3B4C-4FDD-935C-B42FCCC6812E}.Release|Any CPU.Build.0 = Release|Any CPU
		{CFC3C88A-AAAC-46FA-BFC9-F8E657E468AC}.Debug|Any CPU.ActiveCfg = Debug|Any CPU
		{CFC3C88A-AAAC-46FA-BFC9-F8E657E468AC}.Debug|Any CPU.Build.0 = Debug|Any CPU
		{CFC3C88A-AAAC-46FA-BFC9-F8E657E468AC}.Release|Any CPU.ActiveCfg = Release|Any CPU
		{CFC3C88A-AAAC-46FA-BFC9-F8E657E468AC}.Release|Any CPU.Build.0 = Release|Any CPU
		{AB29844E-7D7B-4151-B2AB-3D70E5330AFC}.Debug|Any CPU.ActiveCfg = Debug|Any CPU
		{AB29844E-7D7B-4151-B2AB-3D70E5330AFC}.Debug|Any CPU.Build.0 = Debug|Any CPU
		{AB29844E-7D7B-4151-B2AB-3D70E5330AFC}.Release|Any CPU.ActiveCfg = Release|Any CPU
		{AB29844E-7D7B-4151-B2AB-3D70E5330AFC}.Release|Any CPU.Build.0 = Release|Any CPU
		{85CBED06-C10B-4168-AF2B-12313F571430}.Debug|Any CPU.ActiveCfg = Debug|Any CPU
		{85CBED06-C10B-4168-AF2B-12313F571430}.Debug|Any CPU.Build.0 = Debug|Any CPU
		{85CBED06-C10B-4168-AF2B-12313F571430}.Release|Any CPU.ActiveCfg = Release|Any CPU
		{85CBED06-C10B-4168-AF2B-12313F571430}.Release|Any CPU.Build.0 = Release|Any CPU
		{EA71F353-4D6F-44BB-971E-23E73A65C053}.Debug|Any CPU.ActiveCfg = Debug|Any CPU
		{EA71F353-4D6F-44BB-971E-23E73A65C053}.Debug|Any CPU.Build.0 = Debug|Any CPU
		{EA71F353-4D6F-44BB-971E-23E73A65C053}.Release|Any CPU.ActiveCfg = Release|Any CPU
		{EA71F353-4D6F-44BB-971E-23E73A65C053}.Release|Any CPU.Build.0 = Release|Any CPU
		{A078AAD0-B9E4-498F-8876-C644A0BA258B}.Debug|Any CPU.ActiveCfg = Debug|Any CPU
		{A078AAD0-B9E4-498F-8876-C644A0BA258B}.Debug|Any CPU.Build.0 = Debug|Any CPU
		{A078AAD0-B9E4-498F-8876-C644A0BA258B}.Release|Any CPU.ActiveCfg = Release|Any CPU
		{A078AAD0-B9E4-498F-8876-C644A0BA258B}.Release|Any CPU.Build.0 = Release|Any CPU
		{9EE2A60E-FA10-4438-9877-EC781F1D180B}.Debug|Any CPU.ActiveCfg = Debug|Any CPU
		{9EE2A60E-FA10-4438-9877-EC781F1D180B}.Debug|Any CPU.Build.0 = Debug|Any CPU
		{9EE2A60E-FA10-4438-9877-EC781F1D180B}.Release|Any CPU.ActiveCfg = Release|Any CPU
		{9EE2A60E-FA10-4438-9877-EC781F1D180B}.Release|Any CPU.Build.0 = Release|Any CPU
		{9C3686A0-3B8C-42E1-87D0-7B436C80EBF2}.Debug|Any CPU.ActiveCfg = Debug|Any CPU
		{9C3686A0-3B8C-42E1-87D0-7B436C80EBF2}.Debug|Any CPU.Build.0 = Debug|Any CPU
		{9C3686A0-3B8C-42E1-87D0-7B436C80EBF2}.Release|Any CPU.ActiveCfg = Release|Any CPU
		{9C3686A0-3B8C-42E1-87D0-7B436C80EBF2}.Release|Any CPU.Build.0 = Release|Any CPU
		{6FB572D7-E529-44F0-B476-05DCE7B0DACC}.Debug|Any CPU.ActiveCfg = Debug|Any CPU
		{6FB572D7-E529-44F0-B476-05DCE7B0DACC}.Debug|Any CPU.Build.0 = Debug|Any CPU
		{6FB572D7-E529-44F0-B476-05DCE7B0DACC}.Release|Any CPU.ActiveCfg = Release|Any CPU
		{6FB572D7-E529-44F0-B476-05DCE7B0DACC}.Release|Any CPU.Build.0 = Release|Any CPU
		{24C733D9-6CC9-496A-BFD0-23E4A81C827A}.Debug|Any CPU.ActiveCfg = Debug|Any CPU
		{24C733D9-6CC9-496A-BFD0-23E4A81C827A}.Debug|Any CPU.Build.0 = Debug|Any CPU
		{24C733D9-6CC9-496A-BFD0-23E4A81C827A}.Release|Any CPU.ActiveCfg = Release|Any CPU
		{24C733D9-6CC9-496A-BFD0-23E4A81C827A}.Release|Any CPU.Build.0 = Release|Any CPU
		{49D0ADC9-807E-4477-9B09-A460B02C445D}.Debug|Any CPU.ActiveCfg = Debug|Any CPU
		{49D0ADC9-807E-4477-9B09-A460B02C445D}.Debug|Any CPU.Build.0 = Debug|Any CPU
		{49D0ADC9-807E-4477-9B09-A460B02C445D}.Release|Any CPU.ActiveCfg = Release|Any CPU
		{49D0ADC9-807E-4477-9B09-A460B02C445D}.Release|Any CPU.Build.0 = Release|Any CPU
		{DA63F469-677A-4D38-A5F3-61C0ED4F7B67}.Debug|Any CPU.ActiveCfg = Debug|Any CPU
		{DA63F469-677A-4D38-A5F3-61C0ED4F7B67}.Debug|Any CPU.Build.0 = Debug|Any CPU
		{DA63F469-677A-4D38-A5F3-61C0ED4F7B67}.Release|Any CPU.ActiveCfg = Release|Any CPU
		{DA63F469-677A-4D38-A5F3-61C0ED4F7B67}.Release|Any CPU.Build.0 = Release|Any CPU
		{937CD748-4E85-47B7-B4F6-63682B55E915}.Debug|Any CPU.ActiveCfg = Debug|Any CPU
		{937CD748-4E85-47B7-B4F6-63682B55E915}.Debug|Any CPU.Build.0 = Debug|Any CPU
		{937CD748-4E85-47B7-B4F6-63682B55E915}.Release|Any CPU.ActiveCfg = Release|Any CPU
		{937CD748-4E85-47B7-B4F6-63682B55E915}.Release|Any CPU.Build.0 = Release|Any CPU
		{DABA1432-F06C-4FEF-BCF6-13A9B4C17898}.Debug|Any CPU.ActiveCfg = Debug|Any CPU
		{DABA1432-F06C-4FEF-BCF6-13A9B4C17898}.Debug|Any CPU.Build.0 = Debug|Any CPU
		{DABA1432-F06C-4FEF-BCF6-13A9B4C17898}.Release|Any CPU.ActiveCfg = Release|Any CPU
		{DABA1432-F06C-4FEF-BCF6-13A9B4C17898}.Release|Any CPU.Build.0 = Release|Any CPU
		{5BE54D72-CF87-4583-9CD0-3DFEDA2A50A5}.Debug|Any CPU.ActiveCfg = Debug|Any CPU
		{5BE54D72-CF87-4583-9CD0-3DFEDA2A50A5}.Debug|Any CPU.Build.0 = Debug|Any CPU
		{5BE54D72-CF87-4583-9CD0-3DFEDA2A50A5}.Release|Any CPU.ActiveCfg = Release|Any CPU
		{5BE54D72-CF87-4583-9CD0-3DFEDA2A50A5}.Release|Any CPU.Build.0 = Release|Any CPU
		{4BDE0836-AB43-4F82-AFD4-BA071DB8E6EF}.Debug|Any CPU.ActiveCfg = Debug|Any CPU
		{4BDE0836-AB43-4F82-AFD4-BA071DB8E6EF}.Debug|Any CPU.Build.0 = Debug|Any CPU
		{4BDE0836-AB43-4F82-AFD4-BA071DB8E6EF}.Release|Any CPU.ActiveCfg = Release|Any CPU
		{4BDE0836-AB43-4F82-AFD4-BA071DB8E6EF}.Release|Any CPU.Build.0 = Release|Any CPU
		{D48AC166-B9AF-48B4-974A-0523B88EE13A}.Debug|Any CPU.ActiveCfg = Debug|Any CPU
		{D48AC166-B9AF-48B4-974A-0523B88EE13A}.Debug|Any CPU.Build.0 = Debug|Any CPU
		{D48AC166-B9AF-48B4-974A-0523B88EE13A}.Release|Any CPU.ActiveCfg = Release|Any CPU
		{D48AC166-B9AF-48B4-974A-0523B88EE13A}.Release|Any CPU.Build.0 = Release|Any CPU
		{15B247C8-D535-4F92-8FE7-389D2808B9EC}.Debug|Any CPU.ActiveCfg = Debug|Any CPU
		{15B247C8-D535-4F92-8FE7-389D2808B9EC}.Debug|Any CPU.Build.0 = Debug|Any CPU
		{15B247C8-D535-4F92-8FE7-389D2808B9EC}.Release|Any CPU.ActiveCfg = Release|Any CPU
		{15B247C8-D535-4F92-8FE7-389D2808B9EC}.Release|Any CPU.Build.0 = Release|Any CPU
		{6FC70A05-C329-47C8-83D2-E3CCAFD3CBB6}.Debug|Any CPU.ActiveCfg = Debug|Any CPU
		{6FC70A05-C329-47C8-83D2-E3CCAFD3CBB6}.Debug|Any CPU.Build.0 = Debug|Any CPU
		{6FC70A05-C329-47C8-83D2-E3CCAFD3CBB6}.Release|Any CPU.ActiveCfg = Release|Any CPU
		{6FC70A05-C329-47C8-83D2-E3CCAFD3CBB6}.Release|Any CPU.Build.0 = Release|Any CPU
	EndGlobalSection
	GlobalSection(SolutionProperties) = preSolution
		HideSolutionNode = FALSE
	EndGlobalSection
	GlobalSection(NestedProjects) = preSolution
		{7BF188B1-95CE-4E0A-8C16-46FE19521C1D} = {A230FAE2-5AD0-42EC-B1D9-81CF4743042C}
		{1A0D375E-9F63-49F7-98EC-D2C156ACD430} = {7BF188B1-95CE-4E0A-8C16-46FE19521C1D}
		{9D23261B-3B4C-4FDD-935C-B42FCCC6812E} = {7BF188B1-95CE-4E0A-8C16-46FE19521C1D}
		{007836C9-D68A-4AAC-8456-D313E64C2CA0} = {F1C9253F-760A-4C61-AE65-C737C936BD31}
		{CFC3C88A-AAAC-46FA-BFC9-F8E657E468AC} = {007836C9-D68A-4AAC-8456-D313E64C2CA0}
		{0CB76A69-4B50-48A5-9660-7E219B85A853} = {F933B4F5-0CDB-487D-A271-68C6A6C8C7BA}
		{AB29844E-7D7B-4151-B2AB-3D70E5330AFC} = {0CB76A69-4B50-48A5-9660-7E219B85A853}
		{52EDD4D3-2DE0-4260-BF24-BEC96EBFE552} = {2AF7B35E-50F0-40A5-8464-D04B062AACE0}
		{85CBED06-C10B-4168-AF2B-12313F571430} = {52EDD4D3-2DE0-4260-BF24-BEC96EBFE552}
		{53572509-5C95-4F0D-A14D-9F9FBEDFAD49} = {AA624CE7-5533-4640-A990-E7926504A13B}
		{EA71F353-4D6F-44BB-971E-23E73A65C053} = {53572509-5C95-4F0D-A14D-9F9FBEDFAD49}
		{752BEE49-0124-435C-AFD4-F7474150B23A} = {D17F277C-ACCD-43BE-B8B4-B444FE72E0D6}
		{A078AAD0-B9E4-498F-8876-C644A0BA258B} = {752BEE49-0124-435C-AFD4-F7474150B23A}
		{1BDD25C1-7128-4352-86E2-F34A1A43532F} = {33CEDAF8-860F-4D89-ACC2-6855E816CCE8}
		{9EE2A60E-FA10-4438-9877-EC781F1D180B} = {1BDD25C1-7128-4352-86E2-F34A1A43532F}
		{D96ED6CC-AC50-442F-A572-FE7F5777E8CD} = {5A1B4CC3-748B-46C9-926F-FB282C8632AF}
		{9C3686A0-3B8C-42E1-87D0-7B436C80EBF2} = {D96ED6CC-AC50-442F-A572-FE7F5777E8CD}
		{7D2D2E37-D55D-4470-81FC-AFA5ABDCA495} = {26F570B6-65F4-41D4-BCD6-96512AC12011}
		{6FB572D7-E529-44F0-B476-05DCE7B0DACC} = {7D2D2E37-D55D-4470-81FC-AFA5ABDCA495}
		{D9CBEA38-E332-46E0-BB9B-915F117551E6} = {EA3819C5-7581-4DD2-88D5-127699F900EA}
		{24C733D9-6CC9-496A-BFD0-23E4A81C827A} = {D9CBEA38-E332-46E0-BB9B-915F117551E6}
		{49D0ADC9-807E-4477-9B09-A460B02C445D} = {D9CBEA38-E332-46E0-BB9B-915F117551E6}
		{7B6C83A5-1FD2-4EAC-B091-C7E787761E82} = {93A8D1E6-5975-445A-9B3E-332C6808EBE2}
		{DA63F469-677A-4D38-A5F3-61C0ED4F7B67} = {7B6C83A5-1FD2-4EAC-B091-C7E787761E82}
		{937CD748-4E85-47B7-B4F6-63682B55E915} = {7B6C83A5-1FD2-4EAC-B091-C7E787761E82}
		{3955C6E2-AC9F-499B-97B8-DD744E2C009D} = {7D715FD0-A849-45CD-B76E-4BD828420200}
		{DABA1432-F06C-4FEF-BCF6-13A9B4C17898} = {3955C6E2-AC9F-499B-97B8-DD744E2C009D}
		{5BE54D72-CF87-4583-9CD0-3DFEDA2A50A5} = {3955C6E2-AC9F-499B-97B8-DD744E2C009D}
		{F2741B04-3E23-4A37-9D1C-5A3F3956FE88} = {17D7636B-84C7-4C7C-850B-E313771F546D}
		{4BDE0836-AB43-4F82-AFD4-BA071DB8E6EF} = {F2741B04-3E23-4A37-9D1C-5A3F3956FE88}
		{6094F4B3-488A-4706-9E4A-7AADAF801711} = {AAF2BFDB-56C9-4B59-B471-D4C6718B252B}
		{D48AC166-B9AF-48B4-974A-0523B88EE13A} = {6094F4B3-488A-4706-9E4A-7AADAF801711}
		{15B247C8-D535-4F92-8FE7-389D2808B9EC} = {6094F4B3-488A-4706-9E4A-7AADAF801711}
		{283EC666-1347-452F-95DD-2FA0A45CBE2B} = {5FCC9433-3765-4416-9F64-424C90D4C3E9}
		{6FC70A05-C329-47C8-83D2-E3CCAFD3CBB6} = {283EC666-1347-452F-95DD-2FA0A45CBE2B}
	EndGlobalSection
	GlobalSection(ExtensibilityGlobals) = postSolution
		SolutionGuid = {F679D1FB-7C62-4093-A93E-36C78917777E}
	EndGlobalSection
EndGlobal
